# THIS IS AN AUTOGENERATED FILE. DO NOT EDIT THIS FILE DIRECTLY.
# yarn lockfile v1


babel-helper-vue-jsx-merge-props@^2.0.3:
  version "2.0.3"
  resolved "https://registry.yarnpkg.com/babel-helper-vue-jsx-merge-props/-/babel-helper-vue-jsx-merge-props-2.0.3.tgz#22aebd3b33902328e513293a8e4992b384f9f1b6"
  integrity sha512-gsLiKK7Qrb7zYJNgiXKpXblxbV5ffSwR0f5whkPAaBAR4fhi6bwRZxX9wBlIc5M/v8CCkXUbXZL4N/nSE97cqg==

vue-content-loader@^0.2.1:
  version "0.2.1"
  resolved "https://registry.yarnpkg.com/vue-content-loader/-/vue-content-loader-0.2.1.tgz#0eb332e2a72643d57fb209d72d6526573b191f5a"
  integrity sha1-DrMy4qcmQ9V/sgnXLWUmVzsZH1o=
  dependencies:
    babel-helper-vue-jsx-merge-props "^2.0.3"
